
Microsoft Visual Studio Solution File, Format Version 12.00
# Visual Studio Version 16
VisualStudioVersion = 16.0.31624.102
MinimumVisualStudioVersion = 10.0.40219.1
Project("{FAE04EC0-301F-11D3-BF4B-00C04F79EFBC}") = "lab2", "lab2\lab2.csproj", "{891980ED-95B4-4472-9D35-1C3B9C7698A6}"
EndProject
Global
	GlobalSection(SolutionConfigurationPlatforms) = preSolution
		Debug|Any CPU = Debug|Any CPU
		Release|Any CPU = Release|Any CPU
	EndGlobalSection
	GlobalSection(ProjectConfigurationPlatforms) = postSolution
		{891980ED-95B4-4472-9D35-1C3B9C7698A6}.Debug|Any CPU.ActiveCfg = Debug|Any CPU
		{891980ED-95B4-4472-9D35-1C3B9C7698A6}.Debug|Any CPU.Build.0 = Debug|Any CPU
		{891980ED-95B4-4472-9D35-1C3B9C7698A6}.Release|Any CPU.ActiveCfg = Release|Any CPU
		{891980ED-95B4-4472-9D35-1C3B9C7698A6}.Release|Any CPU.Build.0 = Release|Any CPU
	EndGlobalSection
	GlobalSection(SolutionProperties) = preSolution
		HideSolutionNode = FALSE
	EndGlobalSection
	GlobalSection(ExtensibilityGlobals) = postSolution
		SolutionGuid = {171E6A13-3623-42F4-B0A7-6AA83139949B}
	EndGlobalSection
EndGlobal
